
Microsoft Visual Studio Solution File, Format Version 12.00
# Visual Studio 15
VisualStudioVersion = 15.0.27428.2043
MinimumVisualStudioVersion = 10.0.40219.1
Project("{FAE04EC0-301F-11D3-BF4B-00C04F79EFBC}") = "WorkWithFiles", "WorkWithFiles\WorkWithFiles.csproj", "{BDD2DE90-DCFB-434B-99AA-B2935DD5E649}"
EndProject
Global
	GlobalSection(SolutionConfigurationPlatforms) = preSolution
		Debug|Any CPU = Debug|Any CPU
		Release|Any CPU = Release|Any CPU
	EndGlobalSection
	GlobalSection(ProjectConfigurationPlatforms) = postSolution
		{BDD2DE90-DCFB-434B-99AA-B2935DD5E649}.Debug|Any CPU.ActiveCfg = Debug|Any CPU
		{BDD2DE90-DCFB-434B-99AA-B2935DD5E649}.Debug|Any CPU.Build.0 = Debug|Any CPU
		{BDD2DE90-DCFB-434B-99AA-B2935DD5E649}.Release|Any CPU.ActiveCfg = Release|Any CPU
		{BDD2DE90-DCFB-434B-99AA-B2935DD5E649}.Release|Any CPU.Build.0 = Release|Any CPU
	EndGlobalSection
	GlobalSection(SolutionProperties) = preSolution
		HideSolutionNode = FALSE
	EndGlobalSection
	GlobalSection(ExtensibilityGlobals) = postSolution
		SolutionGuid = {A70368B7-C309-4B5A-B2E7-166F37893E55}
	EndGlobalSection
EndGlobal
